
Microsoft Visual Studio Solution File, Format Version 12.00
# Visual Studio Version 16
VisualStudioVersion = 16.0.32106.194
MinimumVisualStudioVersion = 10.0.40219.1
Project("{FAE04EC0-301F-11D3-BF4B-00C04F79EFBC}") = "FilmesAPI", "FilmesAPI\FilmesAPI.csproj", "{CBCD04B6-1A66-4F86-B1AB-4D9ECD3D7AED}"
EndProject
Global
	GlobalSection(SolutionConfigurationPlatforms) = preSolution
		Debug|Any CPU = Debug|Any CPU
		Release|Any CPU = Release|Any CPU
	EndGlobalSection
	GlobalSection(ProjectConfigurationPlatforms) = postSolution
		{CBCD04B6-1A66-4F86-B1AB-4D9ECD3D7AED}.Debug|Any CPU.ActiveCfg = Debug|Any CPU
		{CBCD04B6-1A66-4F86-B1AB-4D9ECD3D7AED}.Debug|Any CPU.Build.0 = Debug|Any CPU
		{CBCD04B6-1A66-4F86-B1AB-4D9ECD3D7AED}.Release|Any CPU.ActiveCfg = Release|Any CPU
		{CBCD04B6-1A66-4F86-B1AB-4D9ECD3D7AED}.Release|Any CPU.Build.0 = Release|Any CPU
	EndGlobalSection
	GlobalSection(SolutionProperties) = preSolution
		HideSolutionNode = FALSE
	EndGlobalSection
	GlobalSection(ExtensibilityGlobals) = postSolution
		SolutionGuid = {A826D7C9-D454-45A1-85C4-CAABA5EEEDAC}
	EndGlobalSection
EndGlobal
